version = 1
revision = 3
requires-python = ">=3.14"

[[package]]
name = "asgiref"
version = "3.11.1"
source = { registry = "https://pypi.org/simple" }
sdist = { url = "https://files.pythonhosted.org/packages/63/40/f03da1264ae8f7cfdbf9146542e5e7e8100a4c66ab48e791df9a03d3f6c0/asgiref-3.11.1.tar.gz", hash = "sha256:5f184dc43b7e763efe848065441eac62229c9f7b0475f41f80e207a114eda4ce", size = 38550, upload-time = "2026-02-03T13:30:14.33Z" }
wheels = [
    { url = "https://files.pythonhosted.org/packages/5c/0a/a72d10ed65068e115044937873362e6e32fab1b7dce0046aeb224682c989/asgiref-3.11.1-py3-none-any.whl", hash = "sha256:e8667a091e69529631969fd45dc268fa79b99c92c5fcdda727757e52146ec133", size = 24345, upload-time = "2026-02-03T13:30:13.039Z" },
]

[[package]]
name = "certifi"
version = "2026.4.22"
source = { registry = "https://pypi.org/simple" }
sdist = { url = "https://files.pythonhosted.org/packages/25/ee/6caf7a40c36a1220410afe15a1cc64993a1f864871f698c0f93acb72842a/certifi-2026.4.22.tar.gz", hash = "sha256:8d455352a37b71bf76a79caa83a3d6c25afee4a385d632127b6afb3963f1c580", size = 137077, upload-time = "2026-04-22T11:26:11.191Z" }
wheels = [
    { url = "https://files.pythonhosted.org/packages/22/30/7cd8fdcdfbc5b869528b079bfb76dcdf6056b1a2097a662e5e8c04f42965/certifi-2026.4.22-py3-none-any.whl", hash = "sha256:3cb2210c8f88ba2318d29b0388d1023c8492ff72ecdde4ebdaddbb13a31b1c4a", size = 135707, upload-time = "2026-04-22T11:26:09.372Z" },
]

[[package]]
name = "charset-normalizer"
version = "3.4.7"
source = { registry = "https://pypi.org/simple" }
sdist = { url = "https://files.pythonhosted.org/packages/e7/a1/67fe25fac3c7642725500a3f6cfe5821ad557c3abb11c9d20d12c7008d3e/charset_normalizer-3.4.7.tar.gz", hash = "sha256:ae89db9e5f98a11a4bf50407d4363e7b09b31e55bc117b4f7d80aab97ba009e5", size = 144271, upload-time = "2026-04-02T09:28:39.342Z" }
wheels = [
    { url = "https://files.pythonhosted.org/packages/97/c8/c67cb8c70e19ef1960b97b22ed2a1567711de46c4ddf19799923adc836c2/charset_normalizer-3.4.7-cp314-cp314-macosx_10_15_universal2.whl", hash = "sha256:c36c333c39be2dbca264d7803333c896ab8fa7d4d6f0ab7edb7dfd7aea6e98c0", size = 309234, upload-time = "2026-04-02T09:27:07.194Z" },
    { url = "https://files.pythonhosted.org/packages/99/85/c091fdee33f20de70d6c8b522743b6f831a2f1cd3ff86de4c6a827c48a76/charset_normalizer-3.4.7-cp314-cp314-manylinux2014_aarch64.manylinux_2_17_aarch64.manylinux_2_28_aarch64.whl", hash = "sha256:1c2aed2e5e41f24ea8ef1590b8e848a79b56f3a5564a65ceec43c9d692dc7d8a", size = 208042, upload-time = "2026-04-02T09:27:08.749Z" },
    { url = "https://files.pythonhosted.org/packages/87/1c/ab2ce611b984d2fd5d86a5a8a19c1ae26acac6bad967da4967562c75114d/charset_normalizer-3.4.7-cp314-cp314-manylinux2014_ppc64le.manylinux_2_17_ppc64le.manylinux_2_28_ppc64le.whl", hash = "sha256:54523e136b8948060c0fa0bc7b1b50c32c186f2fceee897a495406bb6e311d2b", size = 228706, upload-time = "2026-04-02T09:27:09.951Z" },
    { url = "https://files.pythonhosted.org/packages/a8/29/2b1d2cb00bf085f59d29eb773ce58ec2d325430f8c216804a0a5cd83cbca/charset_normalizer-3.4.7-cp314-cp314-manylinux2014_s390x.manylinux_2_17_s390x.manylinux_2_28_s390x.whl", hash = "sha256:715479b9a2802ecac752a3b0efa2b0b60285cf962ee38414211abdfccc233b41", size = 224727, upload-time = "2026-04-02T09:27:11.175Z" },
    { url = "https://files.pythonhosted.org/packages/47/5c/032c2d5a07fe4d4855fea851209cca2b6f03ebeb6d4e3afdb3358386a684/charset_normalizer-3.4.7-cp314-cp314-manylinux2014_x86_64.manylinux_2_17_x86_64.manylinux_2_28_x86_64.whl", hash = "sha256:bd6c2a1c7573c64738d716488d2cdd3c00e340e4835707d8fdb8dc1a66ef164e", size = 215882, upload-time = "2026-04-02T09:27:12.446Z" },
    { url = "https://files.pythonhosted.org/packages/2c/c2/356065d5a8b78ed04499cae5f339f091946a6a74f91e03476c33f0ab7100/charset_normalizer-3.4.7-cp314-cp314-manylinux_2_31_armv7l.whl", hash = "sha256:c45e9440fb78f8ddabcf714b68f936737a121355bf59f3907f4e17721b9d1aae", size = 200860, upload-time = "2026-04-02T09:27:13.721Z" },
    { url = "https://files.pythonhosted.org/packages/0c/cd/a32a84217ced5039f53b29f460962abb2d4420def55afabe45b1c3c7483d/charset_normalizer-3.4.7-cp314-cp314-manylinux_2_31_riscv64.manylinux_2_39_riscv64.whl", hash = "sha256:3534e7dcbdcf757da6b85a0bbf5b6868786d5982dd959b065e65481644817a18", size = 211564, upload-time = "2026-04-02T09:27:15.272Z" },
    { url = "https://files.pythonhosted.org/packages/44/86/58e6f13ce26cc3b8f4a36b94a0f22ae2f00a72534520f4ae6857c4b81f89/charset_normalizer-3.4.7-cp314-cp314-musllinux_1_2_aarch64.whl", hash = "sha256:e8ac484bf18ce6975760921bb6148041faa8fef0547200386ea0b52b5d27bf7b", size = 211276, upload-time = "2026-04-02T09:27:16.834Z" },
    { url = "https://files.pythonhosted.org/packages/8f/fe/d17c32dc72e17e155e06883efa84514ca375f8a528ba2546bee73fc4df81/charset_normalizer-3.4.7-cp314-cp314-musllinux_1_2_armv7l.whl", hash = "sha256:a5fe03b42827c13cdccd08e6c0247b6a6d4b5e3cdc53fd1749f5896adcdc2356", size = 201238, upload-time = "2026-04-02T09:27:18.229Z" },
    { url = "https://files.pythonhosted.org/packages/6a/29/f33daa50b06525a237451cdb6c69da366c381a3dadcd833fa5676bc468b3/charset_normalizer-3.4.7-cp314-cp314-musllinux_1_2_ppc64le.whl", hash = "sha256:2d6eb928e13016cea4f1f21d1e10c1cebd5a421bc57ddf5b1142ae3f86824fab", size = 230189, upload-time = "2026-04-02T09:27:19.445Z" },
    { url = "https://files.pythonhosted.org/packages/b6/6e/52c84015394a6a0bdcd435210a7e944c5f94ea1055f5cc5d56c5fe368e7b/charset_normalizer-3.4.7-cp314-cp314-musllinux_1_2_riscv64.whl", hash = "sha256:e74327fb75de8986940def6e8dee4f127cc9752bee7355bb323cc5b2659b6d46", size = 211352, upload-time = "2026-04-02T09:27:20.79Z" },
    { url = "https://files.pythonhosted.org/packages/8c/d7/4353be581b373033fb9198bf1da3cf8f09c1082561e8e922aa7b39bf9fe8/charset_normalizer-3.4.7-cp314-cp314-musllinux_1_2_s390x.whl", hash = "sha256:d6038d37043bced98a66e68d3aa2b6a35505dc01328cd65217cefe82f25def44", size = 227024, upload-time = "2026-04-02T09:27:22.063Z" },
    { url = "https://files.pythonhosted.org/packages/30/45/99d18aa925bd1740098ccd3060e238e21115fffbfdcb8f3ece837d0ace6c/charset_normalizer-3.4.7-cp314-cp314-musllinux_1_2_x86_64.whl", hash = "sha256:7579e913a5339fb8fa133f6bbcfd8e6749696206cf05acdbdca71a1b436d8e72", size = 217869, upload-time = "2026-04-02T09:27:23.486Z" },
    { url = "https://files.pythonhosted.org/packages/5c/05/5ee478aa53f4bb7996482153d4bfe1b89e0f087f0ab6b294fcf92d595873/charset_normalizer-3.4.7-cp314-cp314-win32.whl", hash = "sha256:5b77459df20e08151cd6f8b9ef8ef1f961ef73d85c21a555c7eed5b79410ec10", size = 148541, upload-time = "2026-04-02T09:27:25.146Z" },
    { url = "https://files.pythonhosted.org/packages/48/77/72dcb0921b2ce86420b2d79d454c7022bf5be40202a2a07906b9f2a35c97/charset_normalizer-3.4.7-cp314-cp314-win_amd64.whl", hash = "sha256:92a0a01ead5e668468e952e4238cccd7c537364eb7d851ab144ab6627dbbe12f", size = 159634, upload-time = "2026-04-02T09:27:26.642Z" },
    { url = "https://files.pythonhosted.org/packages/c6/a3/c2369911cd72f02386e4e340770f6e158c7980267da16af8f668217abaa0/charset_normalizer-3.4.7-cp314-cp314-win_arm64.whl", hash = "sha256:67f6279d125ca0046a7fd386d01b311c6363844deac3e5b069b514ba3e63c246", size = 148384, upload-time = "2026-04-02T09:27:28.271Z" },
    { url = "https://files.pythonhosted.org/packages/94/09/7e8a7f73d24dba1f0035fbbf014d2c36828fc1bf9c88f84093e57d315935/charset_normalizer-3.4.7-cp314-cp314t-macosx_10_15_universal2.whl", hash = "sha256:effc3f449787117233702311a1b7d8f59cba9ced946ba727bdc329ec69028e24", size = 330133, upload-time = "2026-04-02T09:27:29.474Z" },
    { url = "https://files.pythonhosted.org/packages/8d/da/96975ddb11f8e977f706f45cddd8540fd8242f71ecdb5d18a80723dcf62c/charset_normalizer-3.4.7-cp314-cp314t-manylinux2014_aarch64.manylinux_2_17_aarch64.manylinux_2_28_aarch64.whl", hash = "sha256:fbccdc05410c9ee21bbf16a35f4c1d16123dcdeb8a1d38f33654fa21d0234f79", size = 216257, upload-time = "2026-04-02T09:27:30.793Z" },
    { url = "https://files.pythonhosted.org/packages/e5/e8/1d63bf8ef2d388e95c64b2098f45f84758f6d102a087552da1485912637b/charset_normalizer-3.4.7-cp314-cp314t-manylinux2014_ppc64le.manylinux_2_17_ppc64le.manylinux_2_28_ppc64le.whl", hash = "sha256:733784b6d6def852c814bce5f318d25da2ee65dd4839a0718641c696e09a2960", size = 234851, upload-time = "2026-04-02T09:27:32.44Z" },
    { url = "https://files.pythonhosted.org/packages/9b/40/e5ff04233e70da2681fa43969ad6f66ca5611d7e669be0246c4c7aaf6dc8/charset_normalizer-3.4.7-cp314-cp314t-manylinux2014_s390x.manylinux_2_17_s390x.manylinux_2_28_s390x.whl", hash = "sha256:a89c23ef8d2c6b27fd200a42aa4ac72786e7c60d40efdc76e6011260b6e949c4", size = 233393, upload-time = "2026-04-02T09:27:34.03Z" },
    { url = "https://files.pythonhosted.org/packages/be/c1/06c6c49d5a5450f76899992f1ee40b41d076aee9279b49cf9974d2f313d5/charset_normalizer-3.4.7-cp314-cp314t-manylinux2014_x86_64.manylinux_2_17_x86_64.manylinux_2_28_x86_64.whl", hash = "sha256:6c114670c45346afedc0d947faf3c7f701051d2518b943679c8ff88befe14f8e", size = 223251, upload-time = "2026-04-02T09:27:35.369Z" },
    { url = "https://files.pythonhosted.org/packages/2b/9f/f2ff16fb050946169e3e1f82134d107e5d4ae72647ec8a1b1446c148480f/charset_normalizer-3.4.7-cp314-cp314t-manylinux_2_31_armv7l.whl", hash = "sha256:a180c5e59792af262bf263b21a3c49353f25945d8d9f70628e73de370d55e1e1", size = 206609, upload-time = "2026-04-02T09:27:36.661Z" },
    { url = "https://files.pythonhosted.org/packages/69/d5/a527c0cd8d64d2eab7459784fb4169a0ac76e5a6fc5237337982fd61347e/charset_normalizer-3.4.7-cp314-cp314t-manylinux_2_31_riscv64.manylinux_2_39_riscv64.whl", hash = "sha256:3c9a494bc5ec77d43cea229c4f6db1e4d8fe7e1bbffa8b6f0f0032430ff8ab44", size = 220014, upload-time = "2026-04-02T09:27:38.019Z" },
    { url = "https://files.pythonhosted.org/packages/7e/80/8a7b8104a3e203074dc9aa2c613d4b726c0e136bad1cc734594b02867972/charset_normalizer-3.4.7-cp314-cp314t-musllinux_1_2_aarch64.whl", hash = "sha256:8d828b6667a32a728a1ad1d93957cdf37489c57b97ae6c4de2860fa749b8fc1e", size = 218979, upload-time = "2026-04-02T09:27:39.37Z" },
    { url = "https://files.pythonhosted.org/packages/02/9a/b759b503d507f375b2b5c153e4d2ee0a75aa215b7f2489cf314f4541f2c0/charset_normalizer-3.4.7-cp314-cp314t-musllinux_1_2_armv7l.whl", hash = "sha256:cf1493cd8607bec4d8a7b9b004e699fcf8f9103a9284cc94962cb73d20f9d4a3", size = 209238, upload-time = "2026-04-02T09:27:40.722Z" },
    { url = "https://files.pythonhosted.org/packages/c2/4e/0f3f5d47b86bdb79256e7290b26ac847a2832d9a4033f7eb2cd4bcf4bb5b/charset_normalizer-3.4.7-cp314-cp314t-musllinux_1_2_ppc64le.whl", hash = "sha256:0c96c3b819b5c3e9e165495db84d41914d6894d55181d2d108cc1a69bfc9cce0", size = 236110, upload-time = "2026-04-02T09:27:42.33Z" },
    { url = "https://files.pythonhosted.org/packages/96/23/bce28734eb3ed2c91dcf93abeb8a5cf393a7b2749725030bb630e554fdd8/charset_normalizer-3.4.7-cp314-cp314t-musllinux_1_2_riscv64.whl", hash = "sha256:752a45dc4a6934060b3b0dab47e04edc3326575f82be64bc4fc293914566503e", size = 219824, upload-time = "2026-04-02T09:27:43.924Z" },
    { url = "https://files.pythonhosted.org/packages/2c/6f/6e897c6984cc4d41af319b077f2f600fc8214eb2fe2d6bcb79141b882400/charset_normalizer-3.4.7-cp314-cp314t-musllinux_1_2_s390x.whl", hash = "sha256:8778f0c7a52e56f75d12dae53ae320fae900a8b9b4164b981b9c5ce059cd1fcb", size = 233103, upload-time = "2026-04-02T09:27:45.348Z" },
    { url = "https://files.pythonhosted.org/packages/76/22/ef7bd0fe480a0ae9b656189ec00744b60933f68b4f42a7bb06589f6f576a/charset_normalizer-3.4.7-cp314-cp314t-musllinux_1_2_x86_64.whl", hash = "sha256:ce3412fbe1e31eb81ea42f4169ed94861c56e643189e1e75f0041f3fe7020abe", size = 225194, upload-time = "2026-04-02T09:27:46.706Z" },
    { url = "https://files.pythonhosted.org/packages/c5/a7/0e0ab3e0b5bc1219bd80a6a0d4d72ca74d9250cb2382b7c699c147e06017/charset_normalizer-3.4.7-cp314-cp314t-win32.whl", hash = "sha256:c03a41a8784091e67a39648f70c5f97b5b6a37f216896d44d2cdcb82615339a0", size = 159827, upload-time = "2026-04-02T09:27:48.053Z" },
    { url = "https://files.pythonhosted.org/packages/7a/1d/29d32e0fb40864b1f878c7f5a0b343ae676c6e2b271a2d55cc3a152391da/charset_normalizer-3.4.7-cp314-cp314t-win_amd64.whl", hash = "sha256:03853ed82eeebbce3c2abfdbc98c96dc205f32a79627688ac9a27370ea61a49c", size = 174168, upload-time = "2026-04-02T09:27:49.795Z" },
    { url = "https://files.pythonhosted.org/packages/de/32/d92444ad05c7a6e41fb2036749777c163baf7a0301a040cb672d6b2b1ae9/charset_normalizer-3.4.7-cp314-cp314t-win_arm64.whl", hash = "sha256:c35abb8bfff0185efac5878da64c45dafd2b37fb0383add1be155a763c1f083d", size = 153018, upload-time = "2026-04-02T09:27:51.116Z" },
    { url = "https://files.pythonhosted.org/packages/db/8f/61959034484a4a7c527811f4721e75d02d653a35afb0b6054474d8185d4c/charset_normalizer-3.4.7-py3-none-any.whl", hash = "sha256:3dce51d0f5e7951f8bb4900c257dad282f49190fdbebecd4ba99bcc41fef404d", size = 61958, upload-time = "2026-04-02T09:28:37.794Z" },
]

[[package]]
name = "colorama"
version = "0.4.6"
source = { registry = "https://pypi.org/simple" }
sdist = { url = "https://files.pythonhosted.org/packages/d8/53/6f443c9a4a8358a93a6792e2acffb9d9d5cb0a5cfd8802644b7b1c9a02e4/colorama-0.4.6.tar.gz", hash = "sha256:08695f5cb7ed6e0531a20572697297273c47b8cae5a63ffc6d6ed5c201be6e44", size = 27697, upload-time = "2022-10-25T02:36:22.414Z" }
wheels = [
    { url = "https://files.pythonhosted.org/packages/d1/d6/3965ed04c63042e047cb6a3e6ed1a63a35087b6a609aa3a15ed8ac56c221/colorama-0.4.6-py2.py3-none-any.whl", hash = "sha256:4f1d9991f5acc0ca119f9d443620b77f9d6b33703e51011c16baf57afb285fc6", size = 25335, upload-time = "2022-10-25T02:36:20.889Z" },
]

[[package]]
name = "django"
version = "6.0.4"
source = { registry = "https://pypi.org/simple" }
dependencies = [
    { name = "asgiref" },
    { name = "sqlparse" },
    { name = "tzdata", marker = "sys_platform == 'win32'" },
]
sdist = { url = "https://files.pythonhosted.org/packages/60/b9/4155091ad1788b38563bd77a7258c0834e8c12a7f56f6975deaf54f8b61d/django-6.0.4.tar.gz", hash = "sha256:8cfa2572b3f2768b2e84983cf3c4811877a01edb64e817986ec5d60751c113ac", size = 10907407, upload-time = "2026-04-07T13:55:44.961Z" }
wheels = [
    { url = "https://files.pythonhosted.org/packages/e9/47/3d61d611609764aa71a37f7037b870e7bfb22937366974c4fd46cada7bab/django-6.0.4-py3-none-any.whl", hash = "sha256:14359c809fc16e8f81fd2b59d7d348e4d2d799da6840b10522b6edf7b8afc1da", size = 8368342, upload-time = "2026-04-07T13:55:37.999Z" },
]

[[package]]
name = "idna"
version = "3.13"
source = { registry = "https://pypi.org/simple" }
sdist = { url = "https://files.pythonhosted.org/packages/ce/cc/762dfb036166873f0059f3b7de4565e1b5bc3d6f28a414c13da27e442f99/idna-3.13.tar.gz", hash = "sha256:585ea8fe5d69b9181ec1afba340451fba6ba764af97026f92a91d4eef164a242", size = 194210, upload-time = "2026-04-22T16:42:42.314Z" }
wheels = [
    { url = "https://files.pythonhosted.org/packages/5d/13/ad7d7ca3808a898b4612b6fe93cde56b53f3034dcde235acb1f0e1df24c6/idna-3.13-py3-none-any.whl", hash = "sha256:892ea0cde124a99ce773decba204c5552b69c3c67ffd5f232eb7696135bc8bb3", size = 68629, upload-time = "2026-04-22T16:42:40.909Z" },
]

[[package]]
name = "image"
version = "1.5.33"
source = { registry = "https://pypi.org/simple" }
dependencies = [
    { name = "django" },
    { name = "pillow" },
    { name = "six" },
]
sdist = { url = "https://files.pythonhosted.org/packages/84/be/961693ed384aa91bcc07525c90e3a34bc06c75f131655dfe21310234c933/image-1.5.33.tar.gz", hash = "sha256:baa2e09178277daa50f22fd6d1d51ec78f19c12688921cb9ab5808743f097126", size = 15975, upload-time = "2020-10-27T09:58:36.538Z" }

[[package]]
name = "pillow"
version = "12.2.0"
source = { registry = "https://pypi.org/simple" }
sdist = { url = "https://files.pythonhosted.org/packages/8c/21/c2bcdd5906101a30244eaffc1b6e6ce71a31bd0742a01eb89e660ebfac2d/pillow-12.2.0.tar.gz", hash = "sha256:a830b1a40919539d07806aa58e1b114df53ddd43213d9c8b75847eee6c0182b5", size = 46987819, upload-time = "2026-04-01T14:46:17.687Z" }
wheels = [
    { url = "https://files.pythonhosted.org/packages/bf/98/4595daa2365416a86cb0d495248a393dfc84e96d62ad080c8546256cb9c0/pillow-12.2.0-cp314-cp314-ios_13_0_arm64_iphoneos.whl", hash = "sha256:3adc9215e8be0448ed6e814966ecf3d9952f0ea40eb14e89a102b87f450660d8", size = 4100848, upload-time = "2026-04-01T14:44:48.48Z" },
    { url = "https://files.pythonhosted.org/packages/0b/79/40184d464cf89f6663e18dfcf7ca21aae2491fff1a16127681bf1fa9b8cf/pillow-12.2.0-cp314-cp314-ios_13_0_arm64_iphonesimulator.whl", hash = "sha256:6a9adfc6d24b10f89588096364cc726174118c62130c817c2837c60cf08a392b", size = 4176515, upload-time = "2026-04-01T14:44:51.353Z" },
    { url = "https://files.pythonhosted.org/packages/b0/63/703f86fd4c422a9cf722833670f4f71418fb116b2853ff7da722ea43f184/pillow-12.2.0-cp314-cp314-ios_13_0_x86_64_iphonesimulator.whl", hash = "sha256:6a6e67ea2e6feda684ed370f9a1c52e7a243631c025ba42149a2cc5934dec295", size = 3640159, upload-time = "2026-04-01T14:44:53.588Z" },
    { url = "https://files.pythonhosted.org/packages/71/e0/fb22f797187d0be2270f83500aab851536101b254bfa1eae10795709d283/pillow-12.2.0-cp314-cp314-macosx_10_15_x86_64.whl", hash = "sha256:2bb4a8d594eacdfc59d9e5ad972aa8afdd48d584ffd5f13a937a664c3e7db0ed", size = 5312185, upload-time = "2026-04-01T14:44:56.039Z" },
    { url = "https://files.pythonhosted.org/packages/ba/8c/1a9e46228571de18f8e28f16fabdfc20212a5d019f3e3303452b3f0a580d/pillow-12.2.0-cp314-cp314-macosx_11_0_arm64.whl", hash = "sha256:80b2da48193b2f33ed0c32c38140f9d3186583ce7d516526d462645fd98660ae", size = 4695386, upload-time = "2026-04-01T14:44:58.663Z" },
    { url = "https://files.pythonhosted.org/packages/70/62/98f6b7f0c88b9addd0e87c217ded307b36be024d4ff8869a812b241d1345/pillow-12.2.0-cp314-cp314-manylinux2014_aarch64.manylinux_2_17_aarch64.whl", hash = "sha256:22db17c68434de69d8ecfc2fe821569195c0c373b25cccb9cbdacf2c6e53c601", size = 6280384, upload-time = "2026-04-01T14:45:01.5Z" },
    { url = "https://files.pythonhosted.org/packages/5e/03/688747d2e91cfbe0e64f316cd2e8005698f76ada3130d0194664174fa5de/pillow-12.2.0-cp314-cp314-manylinux2014_x86_64.manylinux_2_17_x86_64.whl", hash = "sha256:7b14cc0106cd9aecda615dd6903840a058b4700fcb817687d0ee4fc8b6e389be", size = 8091599, upload-time = "2026-04-01T14:45:04.5Z" },
    { url = "https://files.pythonhosted.org/packages/f6/35/577e22b936fcdd66537329b33af0b4ccfefaeabd8aec04b266528cddb33c/pillow-12.2.0-cp314-cp314-manylinux_2_27_aarch64.manylinux_2_28_aarch64.whl", hash = "sha256:8cbeb542b2ebc6fcdacabf8aca8c1a97c9b3ad3927d46b8723f9d4f033288a0f", size = 6396021, upload-time = "2026-04-01T14:45:07.117Z" },
    { url = "https://files.pythonhosted.org/packages/11/8d/d2532ad2a603ca2b93ad9f5135732124e57811d0168155852f37fbce2458/pillow-12.2.0-cp314-cp314-manylinux_2_27_x86_64.manylinux_2_28_x86_64.whl", hash = "sha256:4bfd07bc812fbd20395212969e41931001fd59eb55a60658b0e5710872e95286", size = 7083360, upload-time = "2026-04-01T14:45:09.763Z" },
    { url = "https://files.pythonhosted.org/packages/5e/26/d325f9f56c7e039034897e7380e9cc202b1e368bfd04d4cbe6a441f02885/pillow-12.2.0-cp314-cp314-musllinux_1_2_aarch64.whl", hash = "sha256:9aba9a17b623ef750a4d11b742cbafffeb48a869821252b30ee21b5e91392c50", size = 6507628, upload-time = "2026-04-01T14:45:12.378Z" },
    { url = "https://files.pythonhosted.org/packages/5f/f7/769d5632ffb0988f1c5e7660b3e731e30f7f8ec4318e94d0a5d674eb65a4/pillow-12.2.0-cp314-cp314-musllinux_1_2_x86_64.whl", hash = "sha256:deede7c263feb25dba4e82ea23058a235dcc2fe1f6021025dc71f2b618e26104", size = 7209321, upload-time = "2026-04-01T14:45:15.122Z" },
    { url = "https://files.pythonhosted.org/packages/6a/7a/c253e3c645cd47f1aceea6a8bacdba9991bf45bb7dfe927f7c893e89c93c/pillow-12.2.0-cp314-cp314-win32.whl", hash = "sha256:632ff19b2778e43162304d50da0181ce24ac5bb8180122cbe1bf4673428328c7", size = 6479723, upload-time = "2026-04-01T14:45:17.797Z" },
    { url = "https://files.pythonhosted.org/packages/cd/8b/601e6566b957ca50e28725cb6c355c59c2c8609751efbecd980db44e0349/pillow-12.2.0-cp314-cp314-win_amd64.whl", hash = "sha256:4e6c62e9d237e9b65fac06857d511e90d8461a32adcc1b9065ea0c0fa3a28150", size = 7217400, upload-time = "2026-04-01T14:45:20.529Z" },
    { url = "https://files.pythonhosted.org/packages/d6/94/220e46c73065c3e2951bb91c11a1fb636c8c9ad427ac3ce7d7f3359b9b2f/pillow-12.2.0-cp314-cp314-win_arm64.whl", hash = "sha256:b1c1fbd8a5a1af3412a0810d060a78b5136ec0836c8a4ef9aa11807f2a22f4e1", size = 2554835, upload-time = "2026-04-01T14:45:23.162Z" },
    { url = "https://files.pythonhosted.org/packages/b6/ab/1b426a3974cb0e7da5c29ccff4807871d48110933a57207b5a676cccc155/pillow-12.2.0-cp314-cp314t-macosx_10_15_x86_64.whl", hash = "sha256:57850958fe9c751670e49b2cecf6294acc99e562531f4bd317fa5ddee2068463", size = 5314225, upload-time = "2026-04-01T14:45:25.637Z" },
    { url = "https://files.pythonhosted.org/packages/19/1e/dce46f371be2438eecfee2a1960ee2a243bbe5e961890146d2dee1ff0f12/pillow-12.2.0-cp314-cp314t-macosx_11_0_arm64.whl", hash = "sha256:d5d38f1411c0ed9f97bcb49b7bd59b6b7c314e0e27420e34d99d844b9ce3b6f3", size = 4698541, upload-time = "2026-04-01T14:45:28.355Z" },
    { url = "https://files.pythonhosted.org/packages/55/c3/7fbecf70adb3a0c33b77a300dc52e424dc22ad8cdc06557a2e49523b703d/pillow-12.2.0-cp314-cp314t-manylinux2014_aarch64.manylinux_2_17_aarch64.whl", hash = "sha256:5c0a9f29ca8e79f09de89293f82fc9b0270bb4af1d58bc98f540cc4aedf03166", size = 6322251, upload-time = "2026-04-01T14:45:30.924Z" },
    { url = "https://files.pythonhosted.org/packages/1c/3c/7fbc17cfb7e4fe0ef1642e0abc17fc6c94c9f7a16be41498e12e2ba60408/pillow-12.2.0-cp314-cp314t-manylinux2014_x86_64.manylinux_2_17_x86_64.whl", hash = "sha256:1610dd6c61621ae1cf811bef44d77e149ce3f7b95afe66a4512f8c59f25d9ebe", size = 8127807, upload-time = "2026-04-01T14:45:33.908Z" },
    { url = "https://files.pythonhosted.org/packages/ff/c3/a8ae14d6defd2e448493ff512fae903b1e9bd40b72efb6ec55ce0048c8ce/pillow-12.2.0-cp314-cp314t-manylinux_2_27_aarch64.manylinux_2_28_aarch64.whl", hash = "sha256:0a34329707af4f73cf1782a36cd2289c0368880654a2c11f027bcee9052d35dd", size = 6433935, upload-time = "2026-04-01T14:45:36.623Z" },
    { url = "https://files.pythonhosted.org/packages/6e/32/2880fb3a074847ac159d8f902cb43278a61e85f681661e7419e6596803ed/pillow-12.2.0-cp314-cp314t-manylinux_2_27_x86_64.manylinux_2_28_x86_64.whl", hash = "sha256:8e9c4f5b3c546fa3458a29ab22646c1c6c787ea8f5ef51300e5a60300736905e", size = 7116720, upload-time = "2026-04-01T14:45:39.258Z" },
    { url = "https://files.pythonhosted.org/packages/46/87/495cc9c30e0129501643f24d320076f4cc54f718341df18cc70ec94c44e1/pillow-12.2.0-cp314-cp314t-musllinux_1_2_aarch64.whl", hash = "sha256:fb043ee2f06b41473269765c2feae53fc2e2fbf96e5e22ca94fb5ad677856f06", size = 6540498, upload-time = "2026-04-01T14:45:41.879Z" },
    { url = "https://files.pythonhosted.org/packages/18/53/773f5edca692009d883a72211b60fdaf8871cbef075eaa9d577f0a2f989e/pillow-12.2.0-cp314-cp314t-musllinux_1_2_x86_64.whl", hash = "sha256:f278f034eb75b4e8a13a54a876cc4a5ab39173d2cdd93a638e1b467fc545ac43", size = 7239413, upload-time = "2026-04-01T14:45:44.705Z" },
    { url = "https://files.pythonhosted.org/packages/c9/e4/4b64a97d71b2a83158134abbb2f5bd3f8a2ea691361282f010998f339ec7/pillow-12.2.0-cp314-cp314t-win32.whl", hash = "sha256:6bb77b2dcb06b20f9f4b4a8454caa581cd4dd0643a08bacf821216a16d9c8354", size = 6482084, upload-time = "2026-04-01T14:45:47.568Z" },
    { url = "https://files.pythonhosted.org/packages/ba/13/306d275efd3a3453f72114b7431c877d10b1154014c1ebbedd067770d629/pillow-12.2.0-cp314-cp314t-win_amd64.whl", hash = "sha256:6562ace0d3fb5f20ed7290f1f929cae41b25ae29528f2af1722966a0a02e2aa1", size = 7225152, upload-time = "2026-04-01T14:45:50.032Z" },
    { url = "https://files.pythonhosted.org/packages/ff/6e/cf826fae916b8658848d7b9f38d88da6396895c676e8086fc0988073aaf8/pillow-12.2.0-cp314-cp314t-win_arm64.whl", hash = "sha256:aa88ccfe4e32d362816319ed727a004423aab09c5cea43c01a4b435643fa34eb", size = 2556579, upload-time = "2026-04-01T14:45:52.529Z" },
]

[[package]]
name = "pybase64"
version = "1.4.3"
source = { registry = "https://pypi.org/simple" }
sdist = { url = "https://files.pythonhosted.org/packages/aa/b8/4ed5c7ad5ec15b08d35cc79ace6145d5c1ae426e46435f4987379439dfea/pybase64-1.4.3.tar.gz", hash = "sha256:c2ed274c9e0ba9c8f9c4083cfe265e66dd679126cd9c2027965d807352f3f053", size = 137272, upload-time = "2025-12-06T13:27:04.013Z" }
wheels = [
    { url = "https://files.pythonhosted.org/packages/e4/80/4bd3dff423e5a91f667ca41982dc0b79495b90ec0c0f5d59aca513e50f8c/pybase64-1.4.3-cp314-cp314-android_24_arm64_v8a.whl", hash = "sha256:015bb586a1ea1467f69d57427abe587469392215f59db14f1f5c39b52fdafaf5", size = 33835, upload-time = "2025-12-06T13:24:31.767Z" },
    { url = "https://files.pythonhosted.org/packages/45/60/a94d94cc1e3057f602e0b483c9ebdaef40911d84a232647a2fe593ab77bb/pybase64-1.4.3-cp314-cp314-android_24_x86_64.whl", hash = "sha256:d101e3a516f837c3dcc0e5a0b7db09582ebf99ed670865223123fb2e5839c6c0", size = 40673, upload-time = "2025-12-06T13:24:32.82Z" },
    { url = "https://files.pythonhosted.org/packages/e3/71/cf62b261d431857e8e054537a5c3c24caafa331de30daede7b2c6c558501/pybase64-1.4.3-cp314-cp314-ios_13_0_arm64_iphoneos.whl", hash = "sha256:8f183ac925a48046abe047360fe3a1b28327afb35309892132fe1915d62fb282", size = 30939, upload-time = "2025-12-06T13:24:34.001Z" },
    { url = "https://files.pythonhosted.org/packages/24/3e/d12f92a3c1f7c6ab5d53c155bff9f1084ba997a37a39a4f781ccba9455f3/pybase64-1.4.3-cp314-cp314-ios_13_0_arm64_iphonesimulator.whl", hash = "sha256:30bf3558e24dcce4da5248dcf6d73792adfcf4f504246967e9db155be4c439ad", size = 31401, upload-time = "2025-12-06T13:24:35.11Z" },
    { url = "https://files.pythonhosted.org/packages/9b/3d/9c27440031fea0d05146f8b70a460feb95d8b4e3d9ca8f45c972efb4c3d3/pybase64-1.4.3-cp314-cp314-ios_13_0_x86_64_iphonesimulator.whl", hash = "sha256:a674b419de318d2ce54387dd62646731efa32b4b590907800f0bd40675c1771d", size = 38075, upload-time = "2025-12-06T13:24:36.53Z" },
    { url = "https://files.pythonhosted.org/packages/4b/d4/6c0e0cf0efd53c254173fbcd84a3d8fcbf5e0f66622473da425becec32a5/pybase64-1.4.3-cp314-cp314-macosx_10_15_x86_64.whl", hash = "sha256:720104fd7303d07bac302be0ff8f7f9f126f2f45c1edb4f48fdb0ff267e69fe1", size = 38257, upload-time = "2025-12-06T13:24:38.049Z" },
    { url = "https://files.pythonhosted.org/packages/50/eb/27cb0b610d5cd70f5ad0d66c14ad21c04b8db930f7139818e8fbdc14df4d/pybase64-1.4.3-cp314-cp314-macosx_11_0_arm64.whl", hash = "sha256:83f1067f73fa5afbc3efc0565cecc6ed53260eccddef2ebe43a8ce2b99ea0e0a", size = 31685, upload-time = "2025-12-06T13:24:40.327Z" },
    { url = "https://files.pythonhosted.org/packages/db/26/b136a4b65e5c94ff06217f7726478df3f31ab1c777c2c02cf698e748183f/pybase64-1.4.3-cp314-cp314-manylinux1_i686.manylinux2014_i686.manylinux_2_17_i686.manylinux_2_5_i686.whl", hash = "sha256:b51204d349a4b208287a8aa5b5422be3baa88abf6cc8ff97ccbda34919bbc857", size = 68460, upload-time = "2025-12-06T13:24:41.735Z" },
    { url = "https://files.pythonhosted.org/packages/68/6d/84ce50e7ee1ae79984d689e05a9937b2460d4efa1e5b202b46762fb9036c/pybase64-1.4.3-cp314-cp314-manylinux1_x86_64.manylinux2014_x86_64.manylinux_2_17_x86_64.manylinux_2_5_x86_64.whl", hash = "sha256:30f2fd53efecbdde4bdca73a872a68dcb0d1bf8a4560c70a3e7746df973e1ef3", size = 71688, upload-time = "2025-12-06T13:24:42.908Z" },
    { url = "https://files.pythonhosted.org/packages/e3/57/6743e420416c3ff1b004041c85eb0ebd9c50e9cf05624664bfa1dc8b5625/pybase64-1.4.3-cp314-cp314-manylinux2014_aarch64.manylinux_2_17_aarch64.whl", hash = "sha256:0932b0c5cfa617091fd74f17d24549ce5de3628791998c94ba57be808078eeaf", size = 60040, upload-time = "2025-12-06T13:24:44.37Z" },
    { url = "https://files.pythonhosted.org/packages/3b/68/733324e28068a89119af2921ce548e1c607cc5c17d354690fc51c302e326/pybase64-1.4.3-cp314-cp314-manylinux2014_armv7l.manylinux_2_17_armv7l.whl", hash = "sha256:acb61f5ab72bec808eb0d4ce8b87ec9f38d7d750cb89b1371c35eb8052a29f11", size = 56478, upload-time = "2025-12-06T13:24:45.815Z" },
    { url = "https://files.pythonhosted.org/packages/b5/9e/f3f4aa8cfe3357a3cdb0535b78eb032b671519d3ecc08c58c4c6b72b5a91/pybase64-1.4.3-cp314-cp314-manylinux2014_ppc64le.manylinux_2_17_ppc64le.whl", hash = "sha256:2bc2d5bc15168f5c04c53bdfe5a1e543b2155f456ed1e16d7edce9ce73842021", size = 59463, upload-time = "2025-12-06T13:24:46.938Z" },
    { url = "https://files.pythonhosted.org/packages/aa/d1/53286038e1f0df1cf58abcf4a4a91b0f74ab44539c2547b6c31001ddd054/pybase64-1.4.3-cp314-cp314-manylinux2014_s390x.manylinux_2_17_s390x.whl", hash = "sha256:8a7bc3cd23880bdca59758bcdd6f4ef0674f2393782763910a7466fab35ccb98", size = 60360, upload-time = "2025-12-06T13:24:48.039Z" },
    { url = "https://files.pythonhosted.org/packages/00/9a/5cc6ce95db2383d27ff4d790b8f8b46704d360d701ab77c4f655bcfaa6a7/pybase64-1.4.3-cp314-cp314-manylinux_2_31_riscv64.whl", hash = "sha256:ad15acf618880d99792d71e3905b0e2508e6e331b76a1b34212fa0f11e01ad28", size = 54999, upload-time = "2025-12-06T13:24:49.547Z" },
    { url = "https://files.pythonhosted.org/packages/64/e7/c3c1d09c3d7ae79e3aa1358c6d912d6b85f29281e47aa94fc0122a415a2f/pybase64-1.4.3-cp314-cp314-musllinux_1_2_aarch64.whl", hash = "sha256:448158d417139cb4851200e5fee62677ae51f56a865d50cda9e0d61bda91b116", size = 58736, upload-time = "2025-12-06T13:24:50.641Z" },
    { url = "https://files.pythonhosted.org/packages/db/d5/0baa08e3d8119b15b588c39f0d39fd10472f0372e3c54ca44649cbefa256/pybase64-1.4.3-cp314-cp314-musllinux_1_2_armv7l.whl", hash = "sha256:9058c49b5a2f3e691b9db21d37eb349e62540f9f5fc4beabf8cbe3c732bead86", size = 52298, upload-time = "2025-12-06T13:24:51.791Z" },
    { url = "https://files.pythonhosted.org/packages/00/87/fc6f11474a1de7e27cd2acbb8d0d7508bda3efa73dfe91c63f968728b2a3/pybase64-1.4.3-cp314-cp314-musllinux_1_2_i686.whl", hash = "sha256:ce561724f6522907a66303aca27dce252d363fcd85884972d348f4403ba3011a", size = 69049, upload-time = "2025-12-06T13:24:53.253Z" },
    { url = "https://files.pythonhosted.org/packages/69/9d/7fb5566f669ac18b40aa5fc1c438e24df52b843c1bdc5da47d46d4c1c630/pybase64-1.4.3-cp314-cp314-musllinux_1_2_ppc64le.whl", hash = "sha256:63316560a94ac449fe86cb8b9e0a13714c659417e92e26a5cbf085cd0a0c838d", size = 57952, upload-time = "2025-12-06T13:24:54.342Z" },
    { url = "https://files.pythonhosted.org/packages/de/cc/ceb949232dbbd3ec4ee0190d1df4361296beceee9840390a63df8bc31784/pybase64-1.4.3-cp314-cp314-musllinux_1_2_riscv64.whl", hash = "sha256:7ecd796f2ac0be7b73e7e4e232b8c16422014de3295d43e71d2b19fd4a4f5368", size = 54484, upload-time = "2025-12-06T13:24:55.774Z" },
    { url = "https://files.pythonhosted.org/packages/a7/69/659f3c8e6a5d7b753b9c42a4bd9c42892a0f10044e9c7351a4148d413a33/pybase64-1.4.3-cp314-cp314-musllinux_1_2_s390x.whl", hash = "sha256:d01e102a12fb2e1ed3dc11611c2818448626637857ec3994a9cf4809dfd23477", size = 56542, upload-time = "2025-12-06T13:24:57Z" },
    { url = "https://files.pythonhosted.org/packages/85/2c/29c9e6c9c82b72025f9676f9e82eb1fd2339ad038cbcbf8b9e2ac02798fc/pybase64-1.4.3-cp314-cp314-musllinux_1_2_x86_64.whl", hash = "sha256:ebff797a93c2345f22183f454fd8607a34d75eca5a3a4a969c1c75b304cee39d", size = 71045, upload-time = "2025-12-06T13:24:58.179Z" },
    { url = "https://files.pythonhosted.org/packages/b9/84/5a3dce8d7a0040a5c0c14f0fe1311cd8db872913fa04438071b26b0dac04/pybase64-1.4.3-cp314-cp314-win32.whl", hash = "sha256:28b2a1bb0828c0595dc1ea3336305cd97ff85b01c00d81cfce4f92a95fb88f56", size = 34200, upload-time = "2025-12-06T13:24:59.956Z" },
    { url = "https://files.pythonhosted.org/packages/57/bc/ce7427c12384adee115b347b287f8f3cf65860b824d74fe2c43e37e81c1f/pybase64-1.4.3-cp314-cp314-win_amd64.whl", hash = "sha256:33338d3888700ff68c3dedfcd49f99bfc3b887570206130926791e26b316b029", size = 36323, upload-time = "2025-12-06T13:25:01.708Z" },
    { url = "https://files.pythonhosted.org/packages/9a/1b/2b8ffbe9a96eef7e3f6a5a7be75995eebfb6faaedc85b6da6b233e50c778/pybase64-1.4.3-cp314-cp314-win_arm64.whl", hash = "sha256:62725669feb5acb186458da2f9353e88ae28ef66bb9c4c8d1568b12a790dfa94", size = 31584, upload-time = "2025-12-06T13:25:02.801Z" },
    { url = "https://files.pythonhosted.org/packages/ac/d8/6824c2e6fb45b8fa4e7d92e3c6805432d5edc7b855e3e8e1eedaaf6efb7c/pybase64-1.4.3-cp314-cp314t-macosx_10_15_x86_64.whl", hash = "sha256:153fe29be038948d9372c3e77ae7d1cab44e4ba7d9aaf6f064dbeea36e45b092", size = 38601, upload-time = "2025-12-06T13:25:04.222Z" },
    { url = "https://files.pythonhosted.org/packages/ea/e5/10d2b3a4ad3a4850be2704a2f70cd9c0cf55725c8885679872d3bc846c67/pybase64-1.4.3-cp314-cp314t-macosx_11_0_arm64.whl", hash = "sha256:f7fe3decaa7c4a9e162327ec7bd81ce183d2b16f23c6d53b606649c6e0203e9e", size = 32078, upload-time = "2025-12-06T13:25:05.362Z" },
    { url = "https://files.pythonhosted.org/packages/43/04/8b15c34d3c2282f1c1b0850f1113a249401b618a382646a895170bc9b5e7/pybase64-1.4.3-cp314-cp314t-manylinux1_i686.manylinux2014_i686.manylinux_2_17_i686.manylinux_2_5_i686.whl", hash = "sha256:a5ae04ea114c86eb1da1f6e18d75f19e3b5ae39cb1d8d3cd87c29751a6a22780", size = 72474, upload-time = "2025-12-06T13:25:06.434Z" },
    { url = "https://files.pythonhosted.org/packages/42/00/f34b4d11278f8fdc68bc38f694a91492aa318f7c6f1bd7396197ac0f8b12/pybase64-1.4.3-cp314-cp314t-manylinux1_x86_64.manylinux2014_x86_64.manylinux_2_17_x86_64.manylinux_2_5_x86_64.whl", hash = "sha256:1755b3dce3a2a5c7d17ff6d4115e8bee4a1d5aeae74469db02e47c8f477147da", size = 75706, upload-time = "2025-12-06T13:25:07.636Z" },
    { url = "https://files.pythonhosted.org/packages/bb/5d/71747d4ad7fe16df4c4c852bdbdeb1f2cf35677b48d7c34d3011a7a6ad3a/pybase64-1.4.3-cp314-cp314t-manylinux2014_aarch64.manylinux_2_17_aarch64.whl", hash = "sha256:fb852f900e27ffc4ec1896817535a0fa19610ef8875a096b59f21d0aa42ff172", size = 65589, upload-time = "2025-12-06T13:25:08.809Z" },
    { url = "https://files.pythonhosted.org/packages/49/b1/d1e82bd58805bb5a3a662864800bab83a83a36ba56e7e3b1706c708002a5/pybase64-1.4.3-cp314-cp314t-manylinux2014_armv7l.manylinux_2_17_armv7l.whl", hash = "sha256:9cf21ea8c70c61eddab3421fbfce061fac4f2fb21f7031383005a1efdb13d0b9", size = 60670, upload-time = "2025-12-06T13:25:10.04Z" },
    { url = "https://files.pythonhosted.org/packages/15/67/16c609b7a13d1d9fc87eca12ba2dce5e67f949eeaab61a41bddff843cbb0/pybase64-1.4.3-cp314-cp314t-manylinux2014_ppc64le.manylinux_2_17_ppc64le.whl", hash = "sha256:afff11b331fdc27692fc75e85ae083340a35105cea1a3c4552139e2f0e0d174f", size = 64194, upload-time = "2025-12-06T13:25:11.48Z" },
    { url = "https://files.pythonhosted.org/packages/3c/11/37bc724e42960f0106c2d33dc957dcec8f760c91a908cc6c0df7718bc1a8/pybase64-1.4.3-cp314-cp314t-manylinux2014_s390x.manylinux_2_17_s390x.whl", hash = "sha256:d9a5143df542c1ce5c1f423874b948c4d689b3f05ec571f8792286197a39ba02", size = 64984, upload-time = "2025-12-06T13:25:12.645Z" },
    { url = "https://files.pythonhosted.org/packages/6e/66/b2b962a6a480dd5dae3029becf03ea1a650d326e39bf1c44ea3db78bb010/pybase64-1.4.3-cp314-cp314t-manylinux_2_31_riscv64.whl", hash = "sha256:d62e9861019ad63624b4a7914dff155af1cc5d6d79df3be14edcaedb5fdad6f9", size = 58750, upload-time = "2025-12-06T13:25:13.848Z" },
    { url = "https://files.pythonhosted.org/packages/2b/15/9b6d711035e29b18b2e1c03d47f41396d803d06ef15b6c97f45b75f73f04/pybase64-1.4.3-cp314-cp314t-musllinux_1_2_aarch64.whl", hash = "sha256:84cfd4d92668ef5766cc42a9c9474b88960ac2b860767e6e7be255c6fddbd34a", size = 63816, upload-time = "2025-12-06T13:25:15.356Z" },
    { url = "https://files.pythonhosted.org/packages/b4/21/e2901381ed0df62e2308380f30d9c4d87d6b74e33a84faed3478d33a7197/pybase64-1.4.3-cp314-cp314t-musllinux_1_2_armv7l.whl", hash = "sha256:60fc025437f9a7c2cc45e0c19ed68ed08ba672be2c5575fd9d98bdd8f01dd61f", size = 56348, upload-time = "2025-12-06T13:25:16.559Z" },
    { url = "https://files.pythonhosted.org/packages/c4/16/3d788388a178a0407aa814b976fe61bfa4af6760d9aac566e59da6e4a8b4/pybase64-1.4.3-cp314-cp314t-musllinux_1_2_i686.whl", hash = "sha256:edc8446196f04b71d3af76c0bd1fe0a45066ac5bffecca88adb9626ee28c266f", size = 72842, upload-time = "2025-12-06T13:25:18.055Z" },
    { url = "https://files.pythonhosted.org/packages/a6/63/c15b1f8bd47ea48a5a2d52a4ec61f037062932ea6434ab916107b58e861e/pybase64-1.4.3-cp314-cp314t-musllinux_1_2_ppc64le.whl", hash = "sha256:e99f6fa6509c037794da57f906ade271f52276c956d00f748e5b118462021d48", size = 62651, upload-time = "2025-12-06T13:25:19.191Z" },
    { url = "https://files.pythonhosted.org/packages/bd/b8/f544a2e37c778d59208966d4ef19742a0be37c12fc8149ff34483c176616/pybase64-1.4.3-cp314-cp314t-musllinux_1_2_riscv64.whl", hash = "sha256:d94020ef09f624d841aa9a3a6029df8cf65d60d7a6d5c8687579fa68bd679b65", size = 58295, upload-time = "2025-12-06T13:25:20.822Z" },
    { url = "https://files.pythonhosted.org/packages/03/99/1fae8a3b7ac181e36f6e7864a62d42d5b1f4fa7edf408c6711e28fba6b4d/pybase64-1.4.3-cp314-cp314t-musllinux_1_2_s390x.whl", hash = "sha256:f64ce70d89942a23602dee910dec9b48e5edf94351e1b378186b74fcc00d7f66", size = 60960, upload-time = "2025-12-06T13:25:22.099Z" },
    { url = "https://files.pythonhosted.org/packages/9d/9e/cd4c727742345ad8384569a4466f1a1428f4e5cc94d9c2ab2f53d30be3fe/pybase64-1.4.3-cp314-cp314t-musllinux_1_2_x86_64.whl", hash = "sha256:8ea99f56e45c469818b9781903be86ba4153769f007ba0655fa3b46dc332803d", size = 74863, upload-time = "2025-12-06T13:25:23.442Z" },
    { url = "https://files.pythonhosted.org/packages/28/86/a236ecfc5b494e1e922da149689f690abc84248c7c1358f5605b8c9fdd60/pybase64-1.4.3-cp314-cp314t-win32.whl", hash = "sha256:343b1901103cc72362fd1f842524e3bb24978e31aea7ff11e033af7f373f66ab", size = 34513, upload-time = "2025-12-06T13:25:24.592Z" },
    { url = "https://files.pythonhosted.org/packages/56/ce/ca8675f8d1352e245eb012bfc75429ee9cf1f21c3256b98d9a329d44bf0f/pybase64-1.4.3-cp314-cp314t-win_amd64.whl", hash = "sha256:57aff6f7f9dea6705afac9d706432049642de5b01080d3718acc23af87c5af76", size = 36702, upload-time = "2025-12-06T13:25:25.72Z" },
    { url = "https://files.pythonhosted.org/packages/3b/30/4a675864877397179b09b720ee5fcb1cf772cf7bebc831989aff0a5f79c1/pybase64-1.4.3-cp314-cp314t-win_arm64.whl", hash = "sha256:e906aa08d4331e799400829e0f5e4177e76a3281e8a4bc82ba114c6b30e405c9", size = 31904, upload-time = "2025-12-06T13:25:26.826Z" },
]

[[package]]
name = "pycryptodome"
version = "3.23.0"
source = { registry = "https://pypi.org/simple" }
sdist = { url = "https://files.pythonhosted.org/packages/8e/a6/8452177684d5e906854776276ddd34eca30d1b1e15aa1ee9cefc289a33f5/pycryptodome-3.23.0.tar.gz", hash = "sha256:447700a657182d60338bab09fdb27518f8856aecd80ae4c6bdddb67ff5da44ef", size = 4921276, upload-time = "2025-05-17T17:21:45.242Z" }
wheels = [
    { url = "https://files.pythonhosted.org/packages/db/6c/a1f71542c969912bb0e106f64f60a56cc1f0fabecf9396f45accbe63fa68/pycryptodome-3.23.0-cp37-abi3-macosx_10_9_universal2.whl", hash = "sha256:187058ab80b3281b1de11c2e6842a357a1f71b42cb1e15bce373f3d238135c27", size = 2495627, upload-time = "2025-05-17T17:20:47.139Z" },
    { url = "https://files.pythonhosted.org/packages/6e/4e/a066527e079fc5002390c8acdd3aca431e6ea0a50ffd7201551175b47323/pycryptodome-3.23.0-cp37-abi3-macosx_10_9_x86_64.whl", hash = "sha256:cfb5cd445280c5b0a4e6187a7ce8de5a07b5f3f897f235caa11f1f435f182843", size = 1640362, upload-time = "2025-05-17T17:20:50.392Z" },
    { url = "https://files.pythonhosted.org/packages/50/52/adaf4c8c100a8c49d2bd058e5b551f73dfd8cb89eb4911e25a0c469b6b4e/pycryptodome-3.23.0-cp37-abi3-manylinux_2_17_aarch64.manylinux2014_aarch64.whl", hash = "sha256:67bd81fcbe34f43ad9422ee8fd4843c8e7198dd88dd3d40e6de42ee65fbe1490", size = 2182625, upload-time = "2025-05-17T17:20:52.866Z" },
    { url = "https://files.pythonhosted.org/packages/5f/e9/a09476d436d0ff1402ac3867d933c61805ec2326c6ea557aeeac3825604e/pycryptodome-3.23.0-cp37-abi3-manylinux_2_17_x86_64.manylinux2014_x86_64.whl", hash = "sha256:c8987bd3307a39bc03df5c8e0e3d8be0c4c3518b7f044b0f4c15d1aa78f52575", size = 2268954, upload-time = "2025-05-17T17:20:55.027Z" },
    { url = "https://files.pythonhosted.org/packages/f9/c5/ffe6474e0c551d54cab931918127c46d70cab8f114e0c2b5a3c071c2f484/pycryptodome-3.23.0-cp37-abi3-manylinux_2_5_i686.manylinux1_i686.manylinux_2_17_i686.manylinux2014_i686.whl", hash = "sha256:aa0698f65e5b570426fc31b8162ed4603b0c2841cbb9088e2b01641e3065915b", size = 2308534, upload-time = "2025-05-17T17:20:57.279Z" },
    { url = "https://files.pythonhosted.org/packages/18/28/e199677fc15ecf43010f2463fde4c1a53015d1fe95fb03bca2890836603a/pycryptodome-3.23.0-cp37-abi3-musllinux_1_2_aarch64.whl", hash = "sha256:53ecbafc2b55353edcebd64bf5da94a2a2cdf5090a6915bcca6eca6cc452585a", size = 2181853, upload-time = "2025-05-17T17:20:59.322Z" },
    { url = "https://files.pythonhosted.org/packages/ce/ea/4fdb09f2165ce1365c9eaefef36625583371ee514db58dc9b65d3a255c4c/pycryptodome-3.23.0-cp37-abi3-musllinux_1_2_i686.whl", hash = "sha256:156df9667ad9f2ad26255926524e1c136d6664b741547deb0a86a9acf5ea631f", size = 2342465, upload-time = "2025-05-17T17:21:03.83Z" },
    { url = "https://files.pythonhosted.org/packages/22/82/6edc3fc42fe9284aead511394bac167693fb2b0e0395b28b8bedaa07ef04/pycryptodome-3.23.0-cp37-abi3-musllinux_1_2_x86_64.whl", hash = "sha256:dea827b4d55ee390dc89b2afe5927d4308a8b538ae91d9c6f7a5090f397af1aa", size = 2267414, upload-time = "2025-05-17T17:21:06.72Z" },
    { url = "https://files.pythonhosted.org/packages/59/fe/aae679b64363eb78326c7fdc9d06ec3de18bac68be4b612fc1fe8902693c/pycryptodome-3.23.0-cp37-abi3-win32.whl", hash = "sha256:507dbead45474b62b2bbe318eb1c4c8ee641077532067fec9c1aa82c31f84886", size = 1768484, upload-time = "2025-05-17T17:21:08.535Z" },
    { url = "https://files.pythonhosted.org/packages/54/2f/e97a1b8294db0daaa87012c24a7bb714147c7ade7656973fd6c736b484ff/pycryptodome-3.23.0-cp37-abi3-win_amd64.whl", hash = "sha256:c75b52aacc6c0c260f204cbdd834f76edc9fb0d8e0da9fbf8352ef58202564e2", size = 1799636, upload-time = "2025-05-17T17:21:10.393Z" },
    { url = "https://files.pythonhosted.org/packages/18/3d/f9441a0d798bf2b1e645adc3265e55706aead1255ccdad3856dbdcffec14/pycryptodome-3.23.0-cp37-abi3-win_arm64.whl", hash = "sha256:11eeeb6917903876f134b56ba11abe95c0b0fd5e3330def218083c7d98bbcb3c", size = 1703675, upload-time = "2025-05-17T17:21:13.146Z" },
]

[[package]]
name = "requests"
version = "2.33.1"
source = { registry = "https://pypi.org/simple" }
dependencies = [
    { name = "certifi" },
    { name = "charset-normalizer" },
    { name = "idna" },
    { name = "urllib3" },
]
sdist = { url = "https://files.pythonhosted.org/packages/5f/a4/98b9c7c6428a668bf7e42ebb7c79d576a1c3c1e3ae2d47e674b468388871/requests-2.33.1.tar.gz", hash = "sha256:18817f8c57c6263968bc123d237e3b8b08ac046f5456bd1e307ee8f4250d3517", size = 134120, upload-time = "2026-03-30T16:09:15.531Z" }
wheels = [
    { url = "https://files.pythonhosted.org/packages/d7/8e/7540e8a2036f79a125c1d2ebadf69ed7901608859186c856fa0388ef4197/requests-2.33.1-py3-none-any.whl", hash = "sha256:4e6d1ef462f3626a1f0a0a9c42dd93c63bad33f9f1c1937509b8c5c8718ab56a", size = 64947, upload-time = "2026-03-30T16:09:13.83Z" },
]

[[package]]
name = "six"
version = "1.17.0"
source = { registry = "https://pypi.org/simple" }
sdist = { url = "https://files.pythonhosted.org/packages/94/e7/b2c673351809dca68a0e064b6af791aa332cf192da575fd474ed7d6f16a2/six-1.17.0.tar.gz", hash = "sha256:ff70335d468e7eb6ec65b95b99d3a2836546063f63acc5171de367e834932a81", size = 34031, upload-time = "2024-12-04T17:35:28.174Z" }
wheels = [
    { url = "https://files.pythonhosted.org/packages/b7/ce/149a00dd41f10bc29e5921b496af8b574d8413afcd5e30dfa0ed46c2cc5e/six-1.17.0-py2.py3-none-any.whl", hash = "sha256:4721f391ed90541fddacab5acf947aa0d3dc7d27b2e1e8eda2be8970586c3274", size = 11050, upload-time = "2024-12-04T17:35:26.475Z" },
]

[[package]]
name = "sqlparse"
version = "0.5.5"
source = { registry = "https://pypi.org/simple" }
sdist = { url = "https://files.pythonhosted.org/packages/90/76/437d71068094df0726366574cf3432a4ed754217b436eb7429415cf2d480/sqlparse-0.5.5.tar.gz", hash = "sha256:e20d4a9b0b8585fdf63b10d30066c7c94c5d7a7ec47c889a2d83a3caa93ff28e", size = 120815, upload-time = "2025-12-19T07:17:45.073Z" }
wheels = [
    { url = "https://files.pythonhosted.org/packages/49/4b/359f28a903c13438ef59ebeee215fb25da53066db67b305c125f1c6d2a25/sqlparse-0.5.5-py3-none-any.whl", hash = "sha256:12a08b3bf3eec877c519589833aed092e2444e68240a3577e8e26148acc7b1ba", size = 46138, upload-time = "2025-12-19T07:17:46.573Z" },
]

[[package]]
name = "tzdata"
version = "2026.2"
source = { registry = "https://pypi.org/simple" }
sdist = { url = "https://files.pythonhosted.org/packages/ba/19/1b9b0e29f30c6d35cb345486df41110984ea67ae69dddbc0e8a100999493/tzdata-2026.2.tar.gz", hash = "sha256:9173fde7d80d9018e02a662e168e5a2d04f87c41ea174b139fbef642eda62d10", size = 198254, upload-time = "2026-04-24T15:22:08.651Z" }
wheels = [
    { url = "https://files.pythonhosted.org/packages/ce/e4/dccd7f47c4b64213ac01ef921a1337ee6e30e8c6466046018326977efd95/tzdata-2026.2-py2.py3-none-any.whl", hash = "sha256:bbe9af844f658da81a5f95019480da3a89415801f6cc966806612cc7169bffe7", size = 349321, upload-time = "2026-04-24T15:22:05.876Z" },
]

[[package]]
name = "urllib3"
version = "2.6.3"
source = { registry = "https://pypi.org/simple" }
sdist = { url = "https://files.pythonhosted.org/packages/c7/24/5f1b3bdffd70275f6661c76461e25f024d5a38a46f04aaca912426a2b1d3/urllib3-2.6.3.tar.gz", hash = "sha256:1b62b6884944a57dbe321509ab94fd4d3b307075e0c2eae991ac71ee15ad38ed", size = 435556, upload-time = "2026-01-07T16:24:43.925Z" }
wheels = [
    { url = "https://files.pythonhosted.org/packages/39/08/aaaad47bc4e9dc8c725e68f9d04865dbcb2052843ff09c97b08904852d84/urllib3-2.6.3-py3-none-any.whl", hash = "sha256:bf272323e553dfb2e87d9bfd225ca7b0f467b919d7bbd355436d3fd37cb0acd4", size = 131584, upload-time = "2026-01-07T16:24:42.685Z" },
]

[[package]]
name = "xiaomi-cloud-tokens-extractor"
version = "0.1.0"
source = { virtual = "." }
dependencies = [
    { name = "colorama" },
    { name = "image" },
    { name = "pybase64" },
    { name = "pycryptodome" },
    { name = "requests" },
]

[package.metadata]
requires-dist = [
    { name = "colorama", specifier = ">=0.4.6" },
    { name = "image", specifier = ">=1.5.33" },
    { name = "pybase64", specifier = ">=1.4.3" },
    { name = "pycryptodome", specifier = ">=3.23.0" },
    { name = "requests", specifier = ">=2.33.1" },
]
